// !$*UTF8*$!
{
	archiveVersion = 1;
	classes = {
	};
	objectVersion = 50;
	objects = {

/* Begin PBXBuildFile section */
		21942313E61F62F138AD182C /* Pods_E_B_A_Y__ViewerTests.framework in Frameworks */ = {isa = PBXBuildFile; fileRef = D1B0CBC998A87F24EB30A7AF /* Pods_E_B_A_Y__ViewerTests.framework */; };
		2322FBCF22095C8A00800C51 /* ResultsFilterBar.swift in Sources */ = {isa = PBXBuildFile; fileRef = 2322FBCE22095C8A00800C51 /* ResultsFilterBar.swift */; };
		2322FBD222096EE900800C51 /* ResultViewController.swift in Sources */ = {isa = PBXBuildFile; fileRef = 2322FBD022096EE900800C51 /* ResultViewController.swift */; };
		2322FBD322096EE900800C51 /* ResultViewController.xib in Resources */ = {isa = PBXBuildFile; fileRef = 2322FBD122096EE900800C51 /* ResultViewController.xib */; };
		2322FBDD2209ECAF00800C51 /* FilterViewController.swift in Sources */ = {isa = PBXBuildFile; fileRef = 2322FBDB2209ECAF00800C51 /* FilterViewController.swift */; };
		2322FBDE2209ECAF00800C51 /* FilterViewController.xib in Resources */ = {isa = PBXBuildFile; fileRef = 2322FBDC2209ECAF00800C51 /* FilterViewController.xib */; };
		2322FBEA220A0CD700800C51 /* FilterCell.swift in Sources */ = {isa = PBXBuildFile; fileRef = 2322FBE8220A0CD700800C51 /* FilterCell.swift */; };
		2322FBEB220A0CD700800C51 /* FilterCell.xib in Resources */ = {isa = PBXBuildFile; fileRef = 2322FBE9220A0CD700800C51 /* FilterCell.xib */; };
		2322FBED220A1B7D00800C51 /* FilterViewModel.swift in Sources */ = {isa = PBXBuildFile; fileRef = 2322FBEC220A1B7D00800C51 /* FilterViewModel.swift */; };
		2322FBEF220A1B9200800C51 /* FilterRouter.swift in Sources */ = {isa = PBXBuildFile; fileRef = 2322FBEE220A1B9200800C51 /* FilterRouter.swift */; };
		232653E621FF0B1200F2AE9D /* Date+Extension.swift in Sources */ = {isa = PBXBuildFile; fileRef = 232653E521FF0B1200F2AE9D /* Date+Extension.swift */; };
		237495FA21FDB3760038857A /* FindItemsByKeywordsResponse.swift in Sources */ = {isa = PBXBuildFile; fileRef = 237495F921FDB3760038857A /* FindItemsByKeywordsResponse.swift */; };
		237495FD21FDBC140038857A /* FindingService.swift in Sources */ = {isa = PBXBuildFile; fileRef = 237495FC21FDBC140038857A /* FindingService.swift */; };
		23AEA33D220C280A00A24A95 /* FilterModel.swift in Sources */ = {isa = PBXBuildFile; fileRef = 23AEA33C220C280A00A24A95 /* FilterModel.swift */; };
		23E1112021FCBD7B00A348C8 /* NUSearchBar.swift in Sources */ = {isa = PBXBuildFile; fileRef = 23E1111F21FCBD7B00A348C8 /* NUSearchBar.swift */; };
		23E1112421FCC24900A348C8 /* SearchCell.swift in Sources */ = {isa = PBXBuildFile; fileRef = 23E1112221FCC24900A348C8 /* SearchCell.swift */; };
		23E1112521FCC24900A348C8 /* SearchCell.xib in Resources */ = {isa = PBXBuildFile; fileRef = 23E1112321FCC24900A348C8 /* SearchCell.xib */; };
		23E1112921FCD2AB00A348C8 /* SearchHintModel.swift in Sources */ = {isa = PBXBuildFile; fileRef = 23E1112821FCD2AB00A348C8 /* SearchHintModel.swift */; };
		23E1112B21FCE22600A348C8 /* NSMutableAttributedString+Extension.swift in Sources */ = {isa = PBXBuildFile; fileRef = 23E1112A21FCE22600A348C8 /* NSMutableAttributedString+Extension.swift */; };
		23E1113121FCEE0200A348C8 /* ResultViewModel.swift in Sources */ = {isa = PBXBuildFile; fileRef = 23E1113021FCEE0200A348C8 /* ResultViewModel.swift */; };
		23E1113321FCEE1400A348C8 /* ResultRouter.swift in Sources */ = {isa = PBXBuildFile; fileRef = 23E1113221FCEE1400A348C8 /* ResultRouter.swift */; };
		23E1113721FCF51000A348C8 /* ResultCell.swift in Sources */ = {isa = PBXBuildFile; fileRef = 23E1113521FCF51000A348C8 /* ResultCell.swift */; };
		23E1113821FCF51000A348C8 /* ResultCell.xib in Resources */ = {isa = PBXBuildFile; fileRef = 23E1113621FCF51000A348C8 /* ResultCell.xib */; };
		23E6FCEC21FE307300A5F95C /* AutoSugService.swift in Sources */ = {isa = PBXBuildFile; fileRef = 23E6FCEB21FE307300A5F95C /* AutoSugService.swift */; };
		23E6FCEE21FE30BE00A5F95C /* NetworkServiceProtocol.swift in Sources */ = {isa = PBXBuildFile; fileRef = 23E6FCED21FE30BE00A5F95C /* NetworkServiceProtocol.swift */; };
		23F10BA921FBA27300B8F1A4 /* UIImage+Extension.swift in Sources */ = {isa = PBXBuildFile; fileRef = 23F10BA821FBA27300B8F1A4 /* UIImage+Extension.swift */; };
		23F10BAB21FBA3C300B8F1A4 /* SearchRouter.swift in Sources */ = {isa = PBXBuildFile; fileRef = 23F10BAA21FBA3C300B8F1A4 /* SearchRouter.swift */; };
		23F10BAD21FBA58100B8F1A4 /* SearchViewModel.swift in Sources */ = {isa = PBXBuildFile; fileRef = 23F10BAC21FBA58100B8F1A4 /* SearchViewModel.swift */; };
		23F2B9E321FC447C007B0616 /* SearchViewController.swift in Sources */ = {isa = PBXBuildFile; fileRef = 23F2B9E121FC447C007B0616 /* SearchViewController.swift */; };
		23F2B9E421FC447C007B0616 /* SearchViewController.xib in Resources */ = {isa = PBXBuildFile; fileRef = 23F2B9E221FC447C007B0616 /* SearchViewController.xib */; };
		23F2CD6321FB338800FFFCB7 /* AppDelegate.swift in Sources */ = {isa = PBXBuildFile; fileRef = 23F2CD6221FB338800FFFCB7 /* AppDelegate.swift */; };
		23F2CD6A21FB338900FFFCB7 /* Assets.xcassets in Resources */ = {isa = PBXBuildFile; fileRef = 23F2CD6921FB338900FFFCB7 /* Assets.xcassets */; };
		23F2CD6D21FB338900FFFCB7 /* LaunchScreen.storyboard in Resources */ = {isa = PBXBuildFile; fileRef = 23F2CD6B21FB338900FFFCB7 /* LaunchScreen.storyboard */; };
		23F2CD7821FB338900FFFCB7 /* E_B_A_Y__ViewerTests.swift in Sources */ = {isa = PBXBuildFile; fileRef = 23F2CD7721FB338900FFFCB7 /* E_B_A_Y__ViewerTests.swift */; };
		23F2CD8921FB341E00FFFCB7 /* ViewModelProtocol.swift in Sources */ = {isa = PBXBuildFile; fileRef = 23F2CD8621FB341E00FFFCB7 /* ViewModelProtocol.swift */; };
		23F2CD8A21FB341E00FFFCB7 /* MVVMViewController.swift in Sources */ = {isa = PBXBuildFile; fileRef = 23F2CD8721FB341E00FFFCB7 /* MVVMViewController.swift */; };
		23F2CD8B21FB341E00FFFCB7 /* RouterProtocol.swift in Sources */ = {isa = PBXBuildFile; fileRef = 23F2CD8821FB341E00FFFCB7 /* RouterProtocol.swift */; };
		23F2CD8D21FB346700FFFCB7 /* NibLoadable.swift in Sources */ = {isa = PBXBuildFile; fileRef = 23F2CD8C21FB346700FFFCB7 /* NibLoadable.swift */; };
		23F2CD8F21FB346E00FFFCB7 /* TypeAliases.swift in Sources */ = {isa = PBXBuildFile; fileRef = 23F2CD8E21FB346E00FFFCB7 /* TypeAliases.swift */; };
		23F2CD9121FB348800FFFCB7 /* UICoordinator.swift in Sources */ = {isa = PBXBuildFile; fileRef = 23F2CD9021FB348700FFFCB7 /* UICoordinator.swift */; };
		23F2CD9621FB34AB00FFFCB7 /* UIView+Extension.swift in Sources */ = {isa = PBXBuildFile; fileRef = 23F2CD9321FB34AB00FFFCB7 /* UIView+Extension.swift */; };
		23F2CD9721FB34AB00FFFCB7 /* String+Extension.swift in Sources */ = {isa = PBXBuildFile; fileRef = 23F2CD9421FB34AB00FFFCB7 /* String+Extension.swift */; };
		23F2CD9D21FB854C00FFFCB7 /* StartViewController.swift in Sources */ = {isa = PBXBuildFile; fileRef = 23F2CD9B21FB854C00FFFCB7 /* StartViewController.swift */; };
		23F2CD9E21FB854C00FFFCB7 /* StartViewController.xib in Resources */ = {isa = PBXBuildFile; fileRef = 23F2CD9C21FB854C00FFFCB7 /* StartViewController.xib */; };
		23F2CDA021FB859400FFFCB7 /* StartRouter.swift in Sources */ = {isa = PBXBuildFile; fileRef = 23F2CD9F21FB859400FFFCB7 /* StartRouter.swift */; };
		23F2CDA221FB862300FFFCB7 /* StartViewModel.swift in Sources */ = {isa = PBXBuildFile; fileRef = 23F2CDA121FB862300FFFCB7 /* StartViewModel.swift */; };
		23F2CDA521FB8EA200FFFCB7 /* NUButton.swift in Sources */ = {isa = PBXBuildFile; fileRef = 23F2CDA421FB8EA200FFFCB7 /* NUButton.swift */; };
		23F2CDA721FB954800FFFCB7 /* NUTextField.swift in Sources */ = {isa = PBXBuildFile; fileRef = 23F2CDA621FB954800FFFCB7 /* NUTextField.swift */; };
		9FAEEAD8C448DDAF5643B8C8 /* Pods_E_B_A_Y__Viewer.framework in Frameworks */ = {isa = PBXBuildFile; fileRef = 9BCF4C531C9FA015D25F9457 /* Pods_E_B_A_Y__Viewer.framework */; };
/* End PBXBuildFile section */

/* Begin PBXContainerItemProxy section */
		23F2CD7421FB338900FFFCB7 /* PBXContainerItemProxy */ = {
			isa = PBXContainerItemProxy;
			containerPortal = 23F2CD5721FB338800FFFCB7 /* Project object */;
			proxyType = 1;
			remoteGlobalIDString = 23F2CD5E21FB338800FFFCB7;
			remoteInfo = "E.B.A.Y. Viewer";
		};
/* End PBXContainerItemProxy section */

/* Begin PBXFileReference section */
		2322FBCE22095C8A00800C51 /* ResultsFilterBar.swift */ = {isa = PBXFileReference; lastKnownFileType = sourcecode.swift; path = ResultsFilterBar.swift; sourceTree = "<group>"; };
		2322FBD022096EE900800C51 /* ResultViewController.swift */ = {isa = PBXFileReference; lastKnownFileType = sourcecode.swift; path = ResultViewController.swift; sourceTree = "<group>"; };
		2322FBD122096EE900800C51 /* ResultViewController.xib */ = {isa = PBXFileReference; lastKnownFileType = file.xib; path = ResultViewController.xib; sourceTree = "<group>"; };
		2322FBDB2209ECAF00800C51 /* FilterViewController.swift */ = {isa = PBXFileReference; lastKnownFileType = sourcecode.swift; path = FilterViewController.swift; sourceTree = "<group>"; };
		2322FBDC2209ECAF00800C51 /* FilterViewController.xib */ = {isa = PBXFileReference; lastKnownFileType = file.xib; path = FilterViewController.xib; sourceTree = "<group>"; };
		2322FBE8220A0CD700800C51 /* FilterCell.swift */ = {isa = PBXFileReference; lastKnownFileType = sourcecode.swift; path = FilterCell.swift; sourceTree = "<group>"; };
		2322FBE9220A0CD700800C51 /* FilterCell.xib */ = {isa = PBXFileReference; lastKnownFileType = file.xib; path = FilterCell.xib; sourceTree = "<group>"; };
		2322FBEC220A1B7D00800C51 /* FilterViewModel.swift */ = {isa = PBXFileReference; lastKnownFileType = sourcecode.swift; path = FilterViewModel.swift; sourceTree = "<group>"; };
		2322FBEE220A1B9200800C51 /* FilterRouter.swift */ = {isa = PBXFileReference; lastKnownFileType = sourcecode.swift; path = FilterRouter.swift; sourceTree = "<group>"; };
		232653E521FF0B1200F2AE9D /* Date+Extension.swift */ = {isa = PBXFileReference; lastKnownFileType = sourcecode.swift; path = "Date+Extension.swift"; sourceTree = "<group>"; };
		237495F921FDB3760038857A /* FindItemsByKeywordsResponse.swift */ = {isa = PBXFileReference; lastKnownFileType = sourcecode.swift; path = FindItemsByKeywordsResponse.swift; sourceTree = "<group>"; };
		237495FC21FDBC140038857A /* FindingService.swift */ = {isa = PBXFileReference; lastKnownFileType = sourcecode.swift; path = FindingService.swift; sourceTree = "<group>"; };
		23AEA33C220C280A00A24A95 /* FilterModel.swift */ = {isa = PBXFileReference; lastKnownFileType = sourcecode.swift; path = FilterModel.swift; sourceTree = "<group>"; };
		23E1111F21FCBD7B00A348C8 /* NUSearchBar.swift */ = {isa = PBXFileReference; lastKnownFileType = sourcecode.swift; path = NUSearchBar.swift; sourceTree = "<group>"; };
		23E1112221FCC24900A348C8 /* SearchCell.swift */ = {isa = PBXFileReference; lastKnownFileType = sourcecode.swift; path = SearchCell.swift; sourceTree = "<group>"; };
		23E1112321FCC24900A348C8 /* SearchCell.xib */ = {isa = PBXFileReference; lastKnownFileType = file.xib; path = SearchCell.xib; sourceTree = "<group>"; };
		23E1112821FCD2AB00A348C8 /* SearchHintModel.swift */ = {isa = PBXFileReference; lastKnownFileType = sourcecode.swift; path = SearchHintModel.swift; sourceTree = "<group>"; };
		23E1112A21FCE22600A348C8 /* NSMutableAttributedString+Extension.swift */ = {isa = PBXFileReference; lastKnownFileType = sourcecode.swift; path = "NSMutableAttributedString+Extension.swift"; sourceTree = "<group>"; };
		23E1113021FCEE0200A348C8 /* ResultViewModel.swift */ = {isa = PBXFileReference; lastKnownFileType = sourcecode.swift; path = ResultViewModel.swift; sourceTree = "<group>"; };
		23E1113221FCEE1400A348C8 /* ResultRouter.swift */ = {isa = PBXFileReference; lastKnownFileType = sourcecode.swift; path = ResultRouter.swift; sourceTree = "<group>"; };
		23E1113521FCF51000A348C8 /* ResultCell.swift */ = {isa = PBXFileReference; lastKnownFileType = sourcecode.swift; path = ResultCell.swift; sourceTree = "<group>"; };
		23E1113621FCF51000A348C8 /* ResultCell.xib */ = {isa = PBXFileReference; lastKnownFileType = file.xib; path = ResultCell.xib; sourceTree = "<group>"; };
		23E6FCEB21FE307300A5F95C /* AutoSugService.swift */ = {isa = PBXFileReference; lastKnownFileType = sourcecode.swift; path = AutoSugService.swift; sourceTree = "<group>"; };
		23E6FCED21FE30BE00A5F95C /* NetworkServiceProtocol.swift */ = {isa = PBXFileReference; lastKnownFileType = sourcecode.swift; path = NetworkServiceProtocol.swift; sourceTree = "<group>"; };
		23F10BA821FBA27300B8F1A4 /* UIImage+Extension.swift */ = {isa = PBXFileReference; lastKnownFileType = sourcecode.swift; path = "UIImage+Extension.swift"; sourceTree = "<group>"; };
		23F10BAA21FBA3C300B8F1A4 /* SearchRouter.swift */ = {isa = PBXFileReference; lastKnownFileType = sourcecode.swift; path = SearchRouter.swift; sourceTree = "<group>"; };
		23F10BAC21FBA58100B8F1A4 /* SearchViewModel.swift */ = {isa = PBXFileReference; lastKnownFileType = sourcecode.swift; path = SearchViewModel.swift; sourceTree = "<group>"; };
		23F2B9E121FC447C007B0616 /* SearchViewController.swift */ = {isa = PBXFileReference; lastKnownFileType = sourcecode.swift; path = SearchViewController.swift; sourceTree = "<group>"; };
		23F2B9E221FC447C007B0616 /* SearchViewController.xib */ = {isa = PBXFileReference; lastKnownFileType = file.xib; path = SearchViewController.xib; sourceTree = "<group>"; };
		23F2CD5F21FB338800FFFCB7 /* E.B.A.Y. Viewer.app */ = {isa = PBXFileReference; explicitFileType = wrapper.application; includeInIndex = 0; path = "E.B.A.Y. Viewer.app"; sourceTree = BUILT_PRODUCTS_DIR; };
		23F2CD6221FB338800FFFCB7 /* AppDelegate.swift */ = {isa = PBXFileReference; lastKnownFileType = sourcecode.swift; path = AppDelegate.swift; sourceTree = "<group>"; };
		23F2CD6921FB338900FFFCB7 /* Assets.xcassets */ = {isa = PBXFileReference; lastKnownFileType = folder.assetcatalog; path = Assets.xcassets; sourceTree = "<group>"; };
		23F2CD6C21FB338900FFFCB7 /* Base */ = {isa = PBXFileReference; lastKnownFileType = file.storyboard; name = Base; path = Base.lproj/LaunchScreen.storyboard; sourceTree = "<group>"; };
		23F2CD6E21FB338900FFFCB7 /* Info.plist */ = {isa = PBXFileReference; lastKnownFileType = text.plist.xml; path = Info.plist; sourceTree = "<group>"; };
		23F2CD7321FB338900FFFCB7 /* E.B.A.Y. ViewerTests.xctest */ = {isa = PBXFileReference; explicitFileType = wrapper.cfbundle; includeInIndex = 0; path = "E.B.A.Y. ViewerTests.xctest"; sourceTree = BUILT_PRODUCTS_DIR; };
		23F2CD7721FB338900FFFCB7 /* E_B_A_Y__ViewerTests.swift */ = {isa = PBXFileReference; lastKnownFileType = sourcecode.swift; path = E_B_A_Y__ViewerTests.swift; sourceTree = "<group>"; };
		23F2CD7921FB338900FFFCB7 /* Info.plist */ = {isa = PBXFileReference; lastKnownFileType = text.plist.xml; path = Info.plist; sourceTree = "<group>"; };
		23F2CD8621FB341E00FFFCB7 /* ViewModelProtocol.swift */ = {isa = PBXFileReference; fileEncoding = 4; lastKnownFileType = sourcecode.swift; path = ViewModelProtocol.swift; sourceTree = "<group>"; };
		23F2CD8721FB341E00FFFCB7 /* MVVMViewController.swift */ = {isa = PBXFileReference; fileEncoding = 4; lastKnownFileType = sourcecode.swift; path = MVVMViewController.swift; sourceTree = "<group>"; };
		23F2CD8821FB341E00FFFCB7 /* RouterProtocol.swift */ = {isa = PBXFileReference; fileEncoding = 4; lastKnownFileType = sourcecode.swift; path = RouterProtocol.swift; sourceTree = "<group>"; };
		23F2CD8C21FB346700FFFCB7 /* NibLoadable.swift */ = {isa = PBXFileReference; fileEncoding = 4; lastKnownFileType = sourcecode.swift; path = NibLoadable.swift; sourceTree = "<group>"; };
		23F2CD8E21FB346E00FFFCB7 /* TypeAliases.swift */ = {isa = PBXFileReference; fileEncoding = 4; lastKnownFileType = sourcecode.swift; path = TypeAliases.swift; sourceTree = "<group>"; };
		23F2CD9021FB348700FFFCB7 /* UICoordinator.swift */ = {isa = PBXFileReference; fileEncoding = 4; lastKnownFileType = sourcecode.swift; path = UICoordinator.swift; sourceTree = "<group>"; };
		23F2CD9321FB34AB00FFFCB7 /* UIView+Extension.swift */ = {isa = PBXFileReference; fileEncoding = 4; lastKnownFileType = sourcecode.swift; path = "UIView+Extension.swift"; sourceTree = "<group>"; };
		23F2CD9421FB34AB00FFFCB7 /* String+Extension.swift */ = {isa = PBXFileReference; fileEncoding = 4; lastKnownFileType = sourcecode.swift; path = "String+Extension.swift"; sourceTree = "<group>"; };
		23F2CD9B21FB854C00FFFCB7 /* StartViewController.swift */ = {isa = PBXFileReference; lastKnownFileType = sourcecode.swift; path = StartViewController.swift; sourceTree = "<group>"; };
		23F2CD9C21FB854C00FFFCB7 /* StartViewController.xib */ = {isa = PBXFileReference; lastKnownFileType = file.xib; path = StartViewController.xib; sourceTree = "<group>"; };
		23F2CD9F21FB859400FFFCB7 /* StartRouter.swift */ = {isa = PBXFileReference; lastKnownFileType = sourcecode.swift; path = StartRouter.swift; sourceTree = "<group>"; };
		23F2CDA121FB862300FFFCB7 /* StartViewModel.swift */ = {isa = PBXFileReference; lastKnownFileType = sourcecode.swift; path = StartViewModel.swift; sourceTree = "<group>"; };
		23F2CDA421FB8EA200FFFCB7 /* NUButton.swift */ = {isa = PBXFileReference; lastKnownFileType = sourcecode.swift; path = NUButton.swift; sourceTree = "<group>"; };
		23F2CDA621FB954800FFFCB7 /* NUTextField.swift */ = {isa = PBXFileReference; lastKnownFileType = sourcecode.swift; path = NUTextField.swift; sourceTree = "<group>"; };
		435BAB8197C5EF3DA1B41F81 /* Pods-E.B.A.Y. Viewer.debug.xcconfig */ = {isa = PBXFileReference; includeInIndex = 1; lastKnownFileType = text.xcconfig; name = "Pods-E.B.A.Y. Viewer.debug.xcconfig"; path = "Pods/Target Support Files/Pods-E.B.A.Y. Viewer/Pods-E.B.A.Y. Viewer.debug.xcconfig"; sourceTree = "<group>"; };
		55330C5DEF9F177C0E6B4D45 /* Pods-E.B.A.Y. ViewerTests.debug.xcconfig */ = {isa = PBXFileReference; includeInIndex = 1; lastKnownFileType = text.xcconfig; name = "Pods-E.B.A.Y. ViewerTests.debug.xcconfig"; path = "Pods/Target Support Files/Pods-E.B.A.Y. ViewerTests/Pods-E.B.A.Y. ViewerTests.debug.xcconfig"; sourceTree = "<group>"; };
		9BCF4C531C9FA015D25F9457 /* Pods_E_B_A_Y__Viewer.framework */ = {isa = PBXFileReference; explicitFileType = wrapper.framework; includeInIndex = 0; path = Pods_E_B_A_Y__Viewer.framework; sourceTree = BUILT_PRODUCTS_DIR; };
		D092555F81AA23AA27FDDD3A /* Pods-E.B.A.Y. ViewerTests.release.xcconfig */ = {isa = PBXFileReference; includeInIndex = 1; lastKnownFileType = text.xcconfig; name = "Pods-E.B.A.Y. ViewerTests.release.xcconfig"; path = "Pods/Target Support Files/Pods-E.B.A.Y. ViewerTests/Pods-E.B.A.Y. ViewerTests.release.xcconfig"; sourceTree = "<group>"; };
		D1B0CBC998A87F24EB30A7AF /* Pods_E_B_A_Y__ViewerTests.framework */ = {isa = PBXFileReference; explicitFileType = wrapper.framework; includeInIndex = 0; path = Pods_E_B_A_Y__ViewerTests.framework; sourceTree = BUILT_PRODUCTS_DIR; };
		E8596016784A3E7C9F928998 /* Pods-E.B.A.Y. Viewer.release.xcconfig */ = {isa = PBXFileReference; includeInIndex = 1; lastKnownFileType = text.xcconfig; name = "Pods-E.B.A.Y. Viewer.release.xcconfig"; path = "Pods/Target Support Files/Pods-E.B.A.Y. Viewer/Pods-E.B.A.Y. Viewer.release.xcconfig"; sourceTree = "<group>"; };
/* End PBXFileReference section */

/* Begin PBXFrameworksBuildPhase section */
		23F2CD5C21FB338800FFFCB7 /* Frameworks */ = {
			isa = PBXFrameworksBuildPhase;
			buildActionMask = 2147483647;
			files = (
				9FAEEAD8C448DDAF5643B8C8 /* Pods_E_B_A_Y__Viewer.framework in Frameworks */,
			);
			runOnlyForDeploymentPostprocessing = 0;
		};
		23F2CD7021FB338900FFFCB7 /* Frameworks */ = {
			isa = PBXFrameworksBuildPhase;
			buildActionMask = 2147483647;
			files = (
				21942313E61F62F138AD182C /* Pods_E_B_A_Y__ViewerTests.framework in Frameworks */,
			);
			runOnlyForDeploymentPostprocessing = 0;
		};
/* End PBXFrameworksBuildPhase section */

/* Begin PBXGroup section */
		2322FBD62209EB4C00800C51 /* Filter */ = {
			isa = PBXGroup;
			children = (
				2322FBDF220A0A6C00800C51 /* Views */,
				2322FBEC220A1B7D00800C51 /* FilterViewModel.swift */,
				2322FBDB2209ECAF00800C51 /* FilterViewController.swift */,
				2322FBDC2209ECAF00800C51 /* FilterViewController.xib */,
				2322FBEE220A1B9200800C51 /* FilterRouter.swift */,
			);
			path = Filter;
			sourceTree = "<group>";
		};
		2322FBDF220A0A6C00800C51 /* Views */ = {
			isa = PBXGroup;
			children = (
				2322FBE8220A0CD700800C51 /* FilterCell.swift */,
				2322FBE9220A0CD700800C51 /* FilterCell.xib */,
			);
			path = Views;
			sourceTree = "<group>";
		};
		237495F821FDB3200038857A /* ebay_responces */ = {
			isa = PBXGroup;
			children = (
				237495F921FDB3760038857A /* FindItemsByKeywordsResponse.swift */,
			);
			path = ebay_responces;
			sourceTree = "<group>";
		};
		237495FB21FDBB320038857A /* Services */ = {
			isa = PBXGroup;
			children = (
				237495FC21FDBC140038857A /* FindingService.swift */,
				23E6FCEB21FE307300A5F95C /* AutoSugService.swift */,
			);
			path = Services;
			sourceTree = "<group>";
		};
		23E1112121FCC16A00A348C8 /* View */ = {
			isa = PBXGroup;
			children = (
				23E1112221FCC24900A348C8 /* SearchCell.swift */,
				23E1112321FCC24900A348C8 /* SearchCell.xib */,
			);
			path = View;
			sourceTree = "<group>";
		};
		23E1112621FCCDFE00A348C8 /* Results */ = {
			isa = PBXGroup;
			children = (
				23E1113421FCF4F000A348C8 /* View */,
				23E1113021FCEE0200A348C8 /* ResultViewModel.swift */,
				2322FBD022096EE900800C51 /* ResultViewController.swift */,
				2322FBD122096EE900800C51 /* ResultViewController.xib */,
				23E1113221FCEE1400A348C8 /* ResultRouter.swift */,
			);
			path = Results;
			sourceTree = "<group>";
		};
		23E1112721FCD29900A348C8 /* Models */ = {
			isa = PBXGroup;
			children = (
				237495F821FDB3200038857A /* ebay_responces */,
				23E1112821FCD2AB00A348C8 /* SearchHintModel.swift */,
				23AEA33C220C280A00A24A95 /* FilterModel.swift */,
			);
			path = Models;
			sourceTree = "<group>";
		};
		23E1113421FCF4F000A348C8 /* View */ = {
			isa = PBXGroup;
			children = (
				23E1113521FCF51000A348C8 /* ResultCell.swift */,
				23E1113621FCF51000A348C8 /* ResultCell.xib */,
				2322FBCE22095C8A00800C51 /* ResultsFilterBar.swift */,
			);
			path = View;
			sourceTree = "<group>";
		};
		23F2CD5621FB338800FFFCB7 = {
			isa = PBXGroup;
			children = (
				23F2CD6121FB338800FFFCB7 /* E.B.A.Y. Viewer */,
				23F2CD7621FB338900FFFCB7 /* E.B.A.Y. ViewerTests */,
				23F2CD6021FB338800FFFCB7 /* Products */,
				8403EE31F541C5CF34D6AB66 /* Pods */,
				8142D1C37649D7A1289DB3B2 /* Frameworks */,
			);
			sourceTree = "<group>";
		};
		23F2CD6021FB338800FFFCB7 /* Products */ = {
			isa = PBXGroup;
			children = (
				23F2CD5F21FB338800FFFCB7 /* E.B.A.Y. Viewer.app */,
				23F2CD7321FB338900FFFCB7 /* E.B.A.Y. ViewerTests.xctest */,
			);
			name = Products;
			sourceTree = "<group>";
		};
		23F2CD6121FB338800FFFCB7 /* E.B.A.Y. Viewer */ = {
			isa = PBXGroup;
			children = (
				23F2CD8321FB33CE00FFFCB7 /* src */,
				23F2CD8221FB33C900FFFCB7 /* res */,
			);
			path = "E.B.A.Y. Viewer";
			sourceTree = "<group>";
		};
		23F2CD7621FB338900FFFCB7 /* E.B.A.Y. ViewerTests */ = {
			isa = PBXGroup;
			children = (
				23F2CD7721FB338900FFFCB7 /* E_B_A_Y__ViewerTests.swift */,
				23F2CD7921FB338900FFFCB7 /* Info.plist */,
			);
			path = "E.B.A.Y. ViewerTests";
			sourceTree = "<group>";
		};
		23F2CD8221FB33C900FFFCB7 /* res */ = {
			isa = PBXGroup;
			children = (
				23F2CD6921FB338900FFFCB7 /* Assets.xcassets */,
				23F2CD6B21FB338900FFFCB7 /* LaunchScreen.storyboard */,
				23F2CD6E21FB338900FFFCB7 /* Info.plist */,
			);
			path = res;
			sourceTree = "<group>";
		};
		23F2CD8321FB33CE00FFFCB7 /* src */ = {
			isa = PBXGroup;
			children = (
				237495FB21FDBB320038857A /* Services */,
				23F2CD9921FB34FD00FFFCB7 /* Screens */,
				23F2CD8421FB340A00FFFCB7 /* Protocols */,
				23F2CD9221FB34AB00FFFCB7 /* Extensions */,
				23F2CDA321FB8E9300FFFCB7 /* Views */,
				23E1112721FCD29900A348C8 /* Models */,
				23F2CD6221FB338800FFFCB7 /* AppDelegate.swift */,
				23F2CD9021FB348700FFFCB7 /* UICoordinator.swift */,
			);
			path = src;
			sourceTree = "<group>";
		};
		23F2CD8421FB340A00FFFCB7 /* Protocols */ = {
			isa = PBXGroup;
			children = (
				23F2CD8E21FB346E00FFFCB7 /* TypeAliases.swift */,
				23F2CD8C21FB346700FFFCB7 /* NibLoadable.swift */,
				23F2CD8521FB341E00FFFCB7 /* MVVM Core */,
				23E6FCED21FE30BE00A5F95C /* NetworkServiceProtocol.swift */,
			);
			path = Protocols;
			sourceTree = "<group>";
		};
		23F2CD8521FB341E00FFFCB7 /* MVVM Core */ = {
			isa = PBXGroup;
			children = (
				23F2CD8621FB341E00FFFCB7 /* ViewModelProtocol.swift */,
				23F2CD8721FB341E00FFFCB7 /* MVVMViewController.swift */,
				23F2CD8821FB341E00FFFCB7 /* RouterProtocol.swift */,
			);
			path = "MVVM Core";
			sourceTree = "<group>";
		};
		23F2CD9221FB34AB00FFFCB7 /* Extensions */ = {
			isa = PBXGroup;
			children = (
				23F2CD9321FB34AB00FFFCB7 /* UIView+Extension.swift */,
				23F2CD9421FB34AB00FFFCB7 /* String+Extension.swift */,
				23F10BA821FBA27300B8F1A4 /* UIImage+Extension.swift */,
				23E1112A21FCE22600A348C8 /* NSMutableAttributedString+Extension.swift */,
				232653E521FF0B1200F2AE9D /* Date+Extension.swift */,
			);
			path = Extensions;
			sourceTree = "<group>";
		};
		23F2CD9921FB34FD00FFFCB7 /* Screens */ = {
			isa = PBXGroup;
			children = (
				2322FBD62209EB4C00800C51 /* Filter */,
				23F2CD9A21FB806D00FFFCB7 /* Start */,
				23F2CDA821FB9B9D00FFFCB7 /* Search */,
				23E1112621FCCDFE00A348C8 /* Results */,
			);
			path = Screens;
			sourceTree = "<group>";
		};
		23F2CD9A21FB806D00FFFCB7 /* Start */ = {
			isa = PBXGroup;
			children = (
				23F2CDA121FB862300FFFCB7 /* StartViewModel.swift */,
				23F2CD9B21FB854C00FFFCB7 /* StartViewController.swift */,
				23F2CD9C21FB854C00FFFCB7 /* StartViewController.xib */,
				23F2CD9F21FB859400FFFCB7 /* StartRouter.swift */,
			);
			path = Start;
			sourceTree = "<group>";
		};
		23F2CDA321FB8E9300FFFCB7 /* Views */ = {
			isa = PBXGroup;
			children = (
				23F2CDA421FB8EA200FFFCB7 /* NUButton.swift */,
				23F2CDA621FB954800FFFCB7 /* NUTextField.swift */,
				23E1111F21FCBD7B00A348C8 /* NUSearchBar.swift */,
			);
			path = Views;
			sourceTree = "<group>";
		};
		23F2CDA821FB9B9D00FFFCB7 /* Search */ = {
			isa = PBXGroup;
			children = (
				23E1112121FCC16A00A348C8 /* View */,
				23F10BAC21FBA58100B8F1A4 /* SearchViewModel.swift */,
				23F2B9E121FC447C007B0616 /* SearchViewController.swift */,
				23F2B9E221FC447C007B0616 /* SearchViewController.xib */,
				23F10BAA21FBA3C300B8F1A4 /* SearchRouter.swift */,
			);
			path = Search;
			sourceTree = "<group>";
		};
		8142D1C37649D7A1289DB3B2 /* Frameworks */ = {
			isa = PBXGroup;
			children = (
				9BCF4C531C9FA015D25F9457 /* Pods_E_B_A_Y__Viewer.framework */,
				D1B0CBC998A87F24EB30A7AF /* Pods_E_B_A_Y__ViewerTests.framework */,
			);
			name = Frameworks;
			sourceTree = "<group>";
		};
		8403EE31F541C5CF34D6AB66 /* Pods */ = {
			isa = PBXGroup;
			children = (
				435BAB8197C5EF3DA1B41F81 /* Pods-E.B.A.Y. Viewer.debug.xcconfig */,
				E8596016784A3E7C9F928998 /* Pods-E.B.A.Y. Viewer.release.xcconfig */,
				55330C5DEF9F177C0E6B4D45 /* Pods-E.B.A.Y. ViewerTests.debug.xcconfig */,
				D092555F81AA23AA27FDDD3A /* Pods-E.B.A.Y. ViewerTests.release.xcconfig */,
			);
			name = Pods;
			sourceTree = "<group>";
		};
/* End PBXGroup section */

/* Begin PBXNativeTarget section */
		23F2CD5E21FB338800FFFCB7 /* E.B.A.Y. Viewer */ = {
			isa = PBXNativeTarget;
			buildConfigurationList = 23F2CD7C21FB338900FFFCB7 /* Build configuration list for PBXNativeTarget "E.B.A.Y. Viewer" */;
			buildPhases = (
				652364E7B1341B9CF8483DC6 /* [CP] Check Pods Manifest.lock */,
				23F2CD5B21FB338800FFFCB7 /* Sources */,
				23F2CD5C21FB338800FFFCB7 /* Frameworks */,
				23F2CD5D21FB338800FFFCB7 /* Resources */,
				4F87A456C6A4DC9732EAF1C4 /* [CP] Embed Pods Frameworks */,
			);
			buildRules = (
			);
			dependencies = (
			);
			name = "E.B.A.Y. Viewer";
			productName = "E.B.A.Y. Viewer";
			productReference = 23F2CD5F21FB338800FFFCB7 /* E.B.A.Y. Viewer.app */;
			productType = "com.apple.product-type.application";
		};
		23F2CD7221FB338900FFFCB7 /* E.B.A.Y. ViewerTests */ = {
			isa = PBXNativeTarget;
			buildConfigurationList = 23F2CD7F21FB338900FFFCB7 /* Build configuration list for PBXNativeTarget "E.B.A.Y. ViewerTests" */;
			buildPhases = (
				3B420719017915232E259727 /* [CP] Check Pods Manifest.lock */,
				23F2CD6F21FB338900FFFCB7 /* Sources */,
				23F2CD7021FB338900FFFCB7 /* Frameworks */,
				23F2CD7121FB338900FFFCB7 /* Resources */,
			);
			buildRules = (
			);
			dependencies = (
				23F2CD7521FB338900FFFCB7 /* PBXTargetDependency */,
			);
			name = "E.B.A.Y. ViewerTests";
			productName = "E.B.A.Y. ViewerTests";
			productReference = 23F2CD7321FB338900FFFCB7 /* E.B.A.Y. ViewerTests.xctest */;
			productType = "com.apple.product-type.bundle.unit-test";
		};
/* End PBXNativeTarget section */

/* Begin PBXProject section */
		23F2CD5721FB338800FFFCB7 /* Project object */ = {
			isa = PBXProject;
			attributes = {
				LastSwiftUpdateCheck = 1010;
				LastUpgradeCheck = 1010;
				ORGANIZATIONNAME = NIKO;
				TargetAttributes = {
					23F2CD5E21FB338800FFFCB7 = {
						CreatedOnToolsVersion = 10.1;
					};
					23F2CD7221FB338900FFFCB7 = {
						CreatedOnToolsVersion = 10.1;
						TestTargetID = 23F2CD5E21FB338800FFFCB7;
					};
				};
			};
			buildConfigurationList = 23F2CD5A21FB338800FFFCB7 /* Build configuration list for PBXProject "E.B.A.Y. Viewer" */;
			compatibilityVersion = "Xcode 9.3";
			developmentRegion = en;
			hasScannedForEncodings = 0;
			knownRegions = (
				en,
				Base,
			);
			mainGroup = 23F2CD5621FB338800FFFCB7;
			productRefGroup = 23F2CD6021FB338800FFFCB7 /* Products */;
			projectDirPath = "";
			projectRoot = "";
			targets = (
				23F2CD5E21FB338800FFFCB7 /* E.B.A.Y. Viewer */,
				23F2CD7221FB338900FFFCB7 /* E.B.A.Y. ViewerTests */,
			);
		};
/* End PBXProject section */

/* Begin PBXResourcesBuildPhase section */
		23F2CD5D21FB338800FFFCB7 /* Resources */ = {
			isa = PBXResourcesBuildPhase;
			buildActionMask = 2147483647;
			files = (
				23E1112521FCC24900A348C8 /* SearchCell.xib in Resources */,
				23E1113821FCF51000A348C8 /* ResultCell.xib in Resources */,
				2322FBD322096EE900800C51 /* ResultViewController.xib in Resources */,
				23F2CD6D21FB338900FFFCB7 /* LaunchScreen.storyboard in Resources */,
				23F2CD6A21FB338900FFFCB7 /* Assets.xcassets in Resources */,
				23F2B9E421FC447C007B0616 /* SearchViewController.xib in Resources */,
				2322FBEB220A0CD700800C51 /* FilterCell.xib in Resources */,
				2322FBDE2209ECAF00800C51 /* FilterViewController.xib in Resources */,
				23F2CD9E21FB854C00FFFCB7 /* StartViewController.xib in Resources */,
			);
			runOnlyForDeploymentPostprocessing = 0;
		};
		23F2CD7121FB338900FFFCB7 /* Resources */ = {
			isa = PBXResourcesBuildPhase;
			buildActionMask = 2147483647;
			files = (
			);
			runOnlyForDeploymentPostprocessing = 0;
		};
/* End PBXResourcesBuildPhase section */

/* Begin PBXShellScriptBuildPhase section */
		3B420719017915232E259727 /* [CP] Check Pods Manifest.lock */ = {
			isa = PBXShellScriptBuildPhase;
			buildActionMask = 2147483647;
			files = (
			);
			inputFileListPaths = (
			);
			inputPaths = (
				"${PODS_PODFILE_DIR_PATH}/Podfile.lock",
				"${PODS_ROOT}/Manifest.lock",
			);
			name = "[CP] Check Pods Manifest.lock";
			outputFileListPaths = (
			);
			outputPaths = (
				"$(DERIVED_FILE_DIR)/Pods-E.B.A.Y. ViewerTests-checkManifestLockResult.txt",
			);
			runOnlyForDeploymentPostprocessing = 0;
			shellPath = /bin/sh;
			shellScript = "diff \"${PODS_PODFILE_DIR_PATH}/Podfile.lock\" \"${PODS_ROOT}/Manifest.lock\" > /dev/null\nif [ $? != 0 ] ; then\n    # print error to STDERR\n    echo \"error: The sandbox is not in sync with the Podfile.lock. Run 'pod install' or update your CocoaPods installation.\" >&2\n    exit 1\nfi\n# This output is used by Xcode 'outputs' to avoid re-running this script phase.\necho \"SUCCESS\" > \"${SCRIPT_OUTPUT_FILE_0}\"\n";
			showEnvVarsInLog = 0;
		};
		4F87A456C6A4DC9732EAF1C4 /* [CP] Embed Pods Frameworks */ = {
			isa = PBXShellScriptBuildPhase;
			buildActionMask = 2147483647;
			files = (
			);
			inputFileListPaths = (
			);
			inputPaths = (
				"${SRCROOT}/Pods/Target Support Files/Pods-E.B.A.Y. Viewer/Pods-E.B.A.Y. Viewer-frameworks.sh",
				"${BUILT_PRODUCTS_DIR}/Alamofire/Alamofire.framework",
				"${BUILT_PRODUCTS_DIR}/Keys/Keys.framework",
				"${BUILT_PRODUCTS_DIR}/Realm/Realm.framework",
				"${BUILT_PRODUCTS_DIR}/RealmSwift/RealmSwift.framework",
				"${BUILT_PRODUCTS_DIR}/RxAtomic/RxAtomic.framework",
				"${BUILT_PRODUCTS_DIR}/RxCocoa/RxCocoa.framework",
				"${BUILT_PRODUCTS_DIR}/RxSwift/RxSwift.framework",
				"${BUILT_PRODUCTS_DIR}/SideMenu/SideMenu.framework",
				"${BUILT_PRODUCTS_DIR}/SwiftyJSON/SwiftyJSON.framework",
			);
			name = "[CP] Embed Pods Frameworks";
			outputFileListPaths = (
			);
			outputPaths = (
				"${TARGET_BUILD_DIR}/${FRAMEWORKS_FOLDER_PATH}/Alamofire.framework",
				"${TARGET_BUILD_DIR}/${FRAMEWORKS_FOLDER_PATH}/Keys.framework",
				"${TARGET_BUILD_DIR}/${FRAMEWORKS_FOLDER_PATH}/Realm.framework",
				"${TARGET_BUILD_DIR}/${FRAMEWORKS_FOLDER_PATH}/RealmSwift.framework",
				"${TARGET_BUILD_DIR}/${FRAMEWORKS_FOLDER_PATH}/RxAtomic.framework",
				"${TARGET_BUILD_DIR}/${FRAMEWORKS_FOLDER_PATH}/RxCocoa.framework",
				"${TARGET_BUILD_DIR}/${FRAMEWORKS_FOLDER_PATH}/RxSwift.framework",
				"${TARGET_BUILD_DIR}/${FRAMEWORKS_FOLDER_PATH}/SideMenu.framework",
				"${TARGET_BUILD_DIR}/${FRAMEWORKS_FOLDER_PATH}/SwiftyJSON.framework",
			);
			runOnlyForDeploymentPostprocessing = 0;
			shellPath = /bin/sh;
			shellScript = "\"${SRCROOT}/Pods/Target Support Files/Pods-E.B.A.Y. Viewer/Pods-E.B.A.Y. Viewer-frameworks.sh\"\n";
			showEnvVarsInLog = 0;
		};
		652364E7B1341B9CF8483DC6 /* [CP] Check Pods Manifest.lock */ = {
			isa = PBXShellScriptBuildPhase;
			buildActionMask = 2147483647;
			files = (
			);
			inputFileListPaths = (
			);
			inputPaths = (
				"${PODS_PODFILE_DIR_PATH}/Podfile.lock",
				"${PODS_ROOT}/Manifest.lock",
			);
			name = "[CP] Check Pods Manifest.lock";
			outputFileListPaths = (
			);
			outputPaths = (
				"$(DERIVED_FILE_DIR)/Pods-E.B.A.Y. Viewer-checkManifestLockResult.txt",
			);
			runOnlyForDeploymentPostprocessing = 0;
			shellPath = /bin/sh;
			shellScript = "diff \"${PODS_PODFILE_DIR_PATH}/Podfile.lock\" \"${PODS_ROOT}/Manifest.lock\" > /dev/null\nif [ $? != 0 ] ; then\n    # print error to STDERR\n    echo \"error: The sandbox is not in sync with the Podfile.lock. Run 'pod install' or update your CocoaPods installation.\" >&2\n    exit 1\nfi\n# This output is used by Xcode 'outputs' to avoid re-running this script phase.\necho \"SUCCESS\" > \"${SCRIPT_OUTPUT_FILE_0}\"\n";
			showEnvVarsInLog = 0;
		};
/* End PBXShellScriptBuildPhase section */

/* Begin PBXSourcesBuildPhase section */
		23F2CD5B21FB338800FFFCB7 /* Sources */ = {
			isa = PBXSourcesBuildPhase;
			buildActionMask = 2147483647;
			files = (
				23F2CDA721FB954800FFFCB7 /* NUTextField.swift in Sources */,
				23E1113321FCEE1400A348C8 /* ResultRouter.swift in Sources */,
				23E1112421FCC24900A348C8 /* SearchCell.swift in Sources */,
				232653E621FF0B1200F2AE9D /* Date+Extension.swift in Sources */,
				23F2CDA021FB859400FFFCB7 /* StartRouter.swift in Sources */,
				23F2CDA221FB862300FFFCB7 /* StartViewModel.swift in Sources */,
				23F2CD9121FB348800FFFCB7 /* UICoordinator.swift in Sources */,
				2322FBED220A1B7D00800C51 /* FilterViewModel.swift in Sources */,
				23F2CD8A21FB341E00FFFCB7 /* MVVMViewController.swift in Sources */,
				237495FD21FDBC140038857A /* FindingService.swift in Sources */,
				23E1112B21FCE22600A348C8 /* NSMutableAttributedString+Extension.swift in Sources */,
				23F10BAD21FBA58100B8F1A4 /* SearchViewModel.swift in Sources */,
				23F2CDA521FB8EA200FFFCB7 /* NUButton.swift in Sources */,
				23F10BAB21FBA3C300B8F1A4 /* SearchRouter.swift in Sources */,
				23E1113721FCF51000A348C8 /* ResultCell.swift in Sources */,
				23E6FCEE21FE30BE00A5F95C /* NetworkServiceProtocol.swift in Sources */,
				23F2CD9621FB34AB00FFFCB7 /* UIView+Extension.swift in Sources */,
				23E1112021FCBD7B00A348C8 /* NUSearchBar.swift in Sources */,
				23F2CD8B21FB341E00FFFCB7 /* RouterProtocol.swift in Sources */,
				23F2CD8D21FB346700FFFCB7 /* NibLoadable.swift in Sources */,
				2322FBEA220A0CD700800C51 /* FilterCell.swift in Sources */,
				23AEA33D220C280A00A24A95 /* FilterModel.swift in Sources */,
				23E6FCEC21FE307300A5F95C /* AutoSugService.swift in Sources */,
				23E1112921FCD2AB00A348C8 /* SearchHintModel.swift in Sources */,
				23F2CD9D21FB854C00FFFCB7 /* StartViewController.swift in Sources */,
				237495FA21FDB3760038857A /* FindItemsByKeywordsResponse.swift in Sources */,
				23F2B9E321FC447C007B0616 /* SearchViewController.swift in Sources */,
				23F10BA921FBA27300B8F1A4 /* UIImage+Extension.swift in Sources */,
				23E1113121FCEE0200A348C8 /* ResultViewModel.swift in Sources */,
				23F2CD6321FB338800FFFCB7 /* AppDelegate.swift in Sources */,
				2322FBDD2209ECAF00800C51 /* FilterViewController.swift in Sources */,
				2322FBCF22095C8A00800C51 /* ResultsFilterBar.swift in Sources */,
				23F2CD8F21FB346E00FFFCB7 /* TypeAliases.swift in Sources */,
				2322FBEF220A1B9200800C51 /* FilterRouter.swift in Sources */,
				23F2CD9721FB34AB00FFFCB7 /* String+Extension.swift in Sources */,
				23F2CD8921FB341E00FFFCB7 /* ViewModelProtocol.swift in Sources */,
				2322FBD222096EE900800C51 /* ResultViewController.swift in Sources */,
			);
			runOnlyForDeploymentPostprocessing = 0;
		};
		23F2CD6F21FB338900FFFCB7 /* Sources */ = {
			isa = PBXSourcesBuildPhase;
			buildActionMask = 2147483647;
			files = (
				23F2CD7821FB338900FFFCB7 /* E_B_A_Y__ViewerTests.swift in Sources */,
			);
			runOnlyForDeploymentPostprocessing = 0;
		};
/* End PBXSourcesBuildPhase section */

/* Begin PBXTargetDependency section */
		23F2CD7521FB338900FFFCB7 /* PBXTargetDependency */ = {
			isa = PBXTargetDependency;
			target = 23F2CD5E21FB338800FFFCB7 /* E.B.A.Y. Viewer */;
			targetProxy = 23F2CD7421FB338900FFFCB7 /* PBXContainerItemProxy */;
		};
/* End PBXTargetDependency section */

/* Begin PBXVariantGroup section */
		23F2CD6B21FB338900FFFCB7 /* LaunchScreen.storyboard */ = {
			isa = PBXVariantGroup;
			children = (
				23F2CD6C21FB338900FFFCB7 /* Base */,
			);
			name = LaunchScreen.storyboard;
			sourceTree = "<group>";
		};
/* End PBXVariantGroup section */

/* Begin XCBuildConfiguration section */
		23F2CD7A21FB338900FFFCB7 /* Debug */ = {
			isa = XCBuildConfiguration;
			buildSettings = {
				ALWAYS_SEARCH_USER_PATHS = NO;
				CLANG_ANALYZER_NONNULL = YES;
				CLANG_ANALYZER_NUMBER_OBJECT_CONVERSION = YES_AGGRESSIVE;
				CLANG_CXX_LANGUAGE_STANDARD = "gnu++14";
				CLANG_CXX_LIBRARY = "libc++";
				CLANG_ENABLE_MODULES = YES;
				CLANG_ENABLE_OBJC_ARC = YES;
				CLANG_ENABLE_OBJC_WEAK = YES;
				CLANG_WARN_BLOCK_CAPTURE_AUTORELEASING = YES;
				CLANG_WARN_BOOL_CONVERSION = YES;
				CLANG_WARN_COMMA = YES;
				CLANG_WARN_CONSTANT_CONVERSION = YES;
				CLANG_WARN_DEPRECATED_OBJC_IMPLEMENTATIONS = YES;
				CLANG_WARN_DIRECT_OBJC_ISA_USAGE = YES_ERROR;
				CLANG_WARN_DOCUMENTATION_COMMENTS = YES;
				CLANG_WARN_EMPTY_BODY = YES;
				CLANG_WARN_ENUM_CONVERSION = YES;
				CLANG_WARN_INFINITE_RECURSION = YES;
				CLANG_WARN_INT_CONVERSION = YES;
				CLANG_WARN_NON_LITERAL_NULL_CONVERSION = YES;
				CLANG_WARN_OBJC_IMPLICIT_RETAIN_SELF = YES;
				CLANG_WARN_OBJC_LITERAL_CONVERSION = YES;
				CLANG_WARN_OBJC_ROOT_CLASS = YES_ERROR;
				CLANG_WARN_RANGE_LOOP_ANALYSIS = YES;
				CLANG_WARN_STRICT_PROTOTYPES = YES;
				CLANG_WARN_SUSPICIOUS_MOVE = YES;
				CLANG_WARN_UNGUARDED_AVAILABILITY = YES_AGGRESSIVE;
				CLANG_WARN_UNREACHABLE_CODE = YES;
				CLANG_WARN__DUPLICATE_METHOD_MATCH = YES;
				CODE_SIGN_IDENTITY = "iPhone Developer";
				COPY_PHASE_STRIP = NO;
				DEBUG_INFORMATION_FORMAT = dwarf;
				ENABLE_STRICT_OBJC_MSGSEND = YES;
				ENABLE_TESTABILITY = YES;
				GCC_C_LANGUAGE_STANDARD = gnu11;
				GCC_DYNAMIC_NO_PIC = NO;
				GCC_NO_COMMON_BLOCKS = YES;
				GCC_OPTIMIZATION_LEVEL = 0;
				GCC_PREPROCESSOR_DEFINITIONS = (
					"DEBUG=1",
					"$(inherited)",
				);
				GCC_WARN_64_TO_32_BIT_CONVERSION = YES;
				GCC_WARN_ABOUT_RETURN_TYPE = YES_ERROR;
				GCC_WARN_UNDECLARED_SELECTOR = YES;
				GCC_WARN_UNINITIALIZED_AUTOS = YES_AGGRESSIVE;
				GCC_WARN_UNUSED_FUNCTION = YES;
				GCC_WARN_UNUSED_VARIABLE = YES;
				IPHONEOS_DEPLOYMENT_TARGET = 12.1;
				MTL_ENABLE_DEBUG_INFO = INCLUDE_SOURCE;
				MTL_FAST_MATH = YES;
				ONLY_ACTIVE_ARCH = YES;
				SDKROOT = iphoneos;
				SWIFT_ACTIVE_COMPILATION_CONDITIONS = DEBUG;
				SWIFT_OPTIMIZATION_LEVEL = "-Onone";
			};
			name = Debug;
		};
		23F2CD7B21FB338900FFFCB7 /* Release */ = {
			isa = XCBuildConfiguration;
			buildSettings = {
				ALWAYS_SEARCH_USER_PATHS = NO;
				CLANG_ANALYZER_NONNULL = YES;
				CLANG_ANALYZER_NUMBER_OBJECT_CONVERSION = YES_AGGRESSIVE;
				CLANG_CXX_LANGUAGE_STANDARD = "gnu++14";
				CLANG_CXX_LIBRARY = "libc++";
				CLANG_ENABLE_MODULES = YES;
				CLANG_ENABLE_OBJC_ARC = YES;
				CLANG_ENABLE_OBJC_WEAK = YES;
				CLANG_WARN_BLOCK_CAPTURE_AUTORELEASING = YES;
				CLANG_WARN_BOOL_CONVERSION = YES;
				CLANG_WARN_COMMA = YES;
				CLANG_WARN_CONSTANT_CONVERSION = YES;
				CLANG_WARN_DEPRECATED_OBJC_IMPLEMENTATIONS = YES;
				CLANG_WARN_DIRECT_OBJC_ISA_USAGE = YES_ERROR;
				CLANG_WARN_DOCUMENTATION_COMMENTS = YES;
				CLANG_WARN_EMPTY_BODY = YES;
				CLANG_WARN_ENUM_CONVERSION = YES;
				CLANG_WARN_INFINITE_RECURSION = YES;
				CLANG_WARN_INT_CONVERSION = YES;
				CLANG_WARN_NON_LITERAL_NULL_CONVERSION = YES;
				CLANG_WARN_OBJC_IMPLICIT_RETAIN_SELF = YES;
				CLANG_WARN_OBJC_LITERAL_CONVERSION = YES;
				CLANG_WARN_OBJC_ROOT_CLASS = YES_ERROR;
				CLANG_WARN_RANGE_LOOP_ANALYSIS = YES;
				CLANG_WARN_STRICT_PROTOTYPES = YES;
				CLANG_WARN_SUSPICIOUS_MOVE = YES;
				CLANG_WARN_UNGUARDED_AVAILABILITY = YES_AGGRESSIVE;
				CLANG_WARN_UNREACHABLE_CODE = YES;
				CLANG_WARN__DUPLICATE_METHOD_MATCH = YES;
				CODE_SIGN_IDENTITY = "iPhone Developer";
				COPY_PHASE_STRIP = NO;
				DEBUG_INFORMATION_FORMAT = "dwarf-with-dsym";
				ENABLE_NS_ASSERTIONS = NO;
				ENABLE_STRICT_OBJC_MSGSEND = YES;
				GCC_C_LANGUAGE_STANDARD = gnu11;
				GCC_NO_COMMON_BLOCKS = YES;
				GCC_WARN_64_TO_32_BIT_CONVERSION = YES;
				GCC_WARN_ABOUT_RETURN_TYPE = YES_ERROR;
				GCC_WARN_UNDECLARED_SELECTOR = YES;
				GCC_WARN_UNINITIALIZED_AUTOS = YES_AGGRESSIVE;
				GCC_WARN_UNUSED_FUNCTION = YES;
				GCC_WARN_UNUSED_VARIABLE = YES;
				IPHONEOS_DEPLOYMENT_TARGET = 12.1;
				MTL_ENABLE_DEBUG_INFO = NO;
				MTL_FAST_MATH = YES;
				SDKROOT = iphoneos;
				SWIFT_COMPILATION_MODE = wholemodule;
				SWIFT_OPTIMIZATION_LEVEL = "-O";
				VALIDATE_PRODUCT = YES;
			};
			name = Release;
		};
		23F2CD7D21FB338900FFFCB7 /* Debug */ = {
			isa = XCBuildConfiguration;
			baseConfigurationReference = 435BAB8197C5EF3DA1B41F81 /* Pods-E.B.A.Y. Viewer.debug.xcconfig */;
			buildSettings = {
				ASSETCATALOG_COMPILER_APPICON_NAME = AppIcon;
				CODE_SIGN_STYLE = Automatic;
				DEVELOPMENT_TEAM = A8SFUG5722;
				INFOPLIST_FILE = "$(SRCROOT)/E.B.A.Y. Viewer/res/Info.plist";
				LD_RUNPATH_SEARCH_PATHS = (
					"$(inherited)",
					"@executable_path/Frameworks",
				);
				PRODUCT_BUNDLE_IDENTIFIER = "NU.EBAY-Viewer";
				PRODUCT_NAME = "$(TARGET_NAME)";
				SWIFT_VERSION = 4.2;
				TARGETED_DEVICE_FAMILY = "1,2";
			};
			name = Debug;
		};
		23F2CD7E21FB338900FFFCB7 /* Release */ = {
			isa = XCBuildConfiguration;
			baseConfigurationReference = E8596016784A3E7C9F928998 /* Pods-E.B.A.Y. Viewer.release.xcconfig */;
			buildSettings = {
				ASSETCATALOG_COMPILER_APPICON_NAME = AppIcon;
				CODE_SIGN_STYLE = Automatic;
				DEVELOPMENT_TEAM = A8SFUG5722;
				INFOPLIST_FILE = "$(SRCROOT)/E.B.A.Y. Viewer/res/Info.plist";
				LD_RUNPATH_SEARCH_PATHS = (
					"$(inherited)",
					"@executable_path/Frameworks",
				);
				PRODUCT_BUNDLE_IDENTIFIER = "NU.EBAY-Viewer";
				PRODUCT_NAME = "$(TARGET_NAME)";
				SWIFT_VERSION = 4.2;
				TARGETED_DEVICE_FAMILY = "1,2";
			};
			name = Release;
		};
		23F2CD8021FB338900FFFCB7 /* Debug */ = {
			isa = XCBuildConfiguration;
			baseConfigurationReference = 55330C5DEF9F177C0E6B4D45 /* Pods-E.B.A.Y. ViewerTests.debug.xcconfig */;
			buildSettings = {
				ALWAYS_EMBED_SWIFT_STANDARD_LIBRARIES = YES;
				BUNDLE_LOADER = "$(TEST_HOST)";
				CODE_SIGN_STYLE = Automatic;
				DEVELOPMENT_TEAM = A8SFUG5722;
				INFOPLIST_FILE = "E.B.A.Y. ViewerTests/Info.plist";
				LD_RUNPATH_SEARCH_PATHS = (
					"$(inherited)",
					"@executable_path/Frameworks",
					"@loader_path/Frameworks",
				);
				PRODUCT_BUNDLE_IDENTIFIER = "NU.E-B-A-Y--ViewerTests";
				PRODUCT_NAME = "$(TARGET_NAME)";
				SWIFT_VERSION = 4.2;
				TARGETED_DEVICE_FAMILY = "1,2";
				TEST_HOST = "$(BUILT_PRODUCTS_DIR)/E.B.A.Y. Viewer.app/E.B.A.Y. Viewer";
			};
			name = Debug;
		};
		23F2CD8121FB338900FFFCB7 /* Release */ = {
			isa = XCBuildConfiguration;
			baseConfigurationReference = D092555F81AA23AA27FDDD3A /* Pods-E.B.A.Y. ViewerTests.release.xcconfig */;
			buildSettings = {
				ALWAYS_EMBED_SWIFT_STANDARD_LIBRARIES = YES;
				BUNDLE_LOADER = "$(TEST_HOST)";
				CODE_SIGN_STYLE = Automatic;
				DEVELOPMENT_TEAM = A8SFUG5722;
				INFOPLIST_FILE = "E.B.A.Y. ViewerTests/Info.plist";
				LD_RUNPATH_SEARCH_PATHS = (
					"$(inherited)",
					"@executable_path/Frameworks",
					"@loader_path/Frameworks",
				);
				PRODUCT_BUNDLE_IDENTIFIER = "NU.E-B-A-Y--ViewerTests";
				PRODUCT_NAME = "$(TARGET_NAME)";
				SWIFT_VERSION = 4.2;
				TARGETED_DEVICE_FAMILY = "1,2";
				TEST_HOST = "$(BUILT_PRODUCTS_DIR)/E.B.A.Y. Viewer.app/E.B.A.Y. Viewer";
			};
			name = Release;
		};
/* End XCBuildConfiguration section */

/* Begin XCConfigurationList section */
		23F2CD5A21FB338800FFFCB7 /* Build configuration list for PBXProject "E.B.A.Y. Viewer" */ = {
			isa = XCConfigurationList;
			buildConfigurations = (
				23F2CD7A21FB338900FFFCB7 /* Debug */,
				23F2CD7B21FB338900FFFCB7 /* Release */,
			);
			defaultConfigurationIsVisible = 0;
			defaultConfigurationName = Release;
		};
		23F2CD7C21FB338900FFFCB7 /* Build configuration list for PBXNativeTarget "E.B.A.Y. Viewer" */ = {
			isa = XCConfigurationList;
			buildConfigurations = (
				23F2CD7D21FB338900FFFCB7 /* Debug */,
				23F2CD7E21FB338900FFFCB7 /* Release */,
			);
			defaultConfigurationIsVisible = 0;
			defaultConfigurationName = Release;
		};
		23F2CD7F21FB338900FFFCB7 /* Build configuration list for PBXNativeTarget "E.B.A.Y. ViewerTests" */ = {
			isa = XCConfigurationList;
			buildConfigurations = (
				23F2CD8021FB338900FFFCB7 /* Debug */,
				23F2CD8121FB338900FFFCB7 /* Release */,
			);
			defaultConfigurationIsVisible = 0;
			defaultConfigurationName = Release;
		};
/* End XCConfigurationList section */
	};
	rootObject = 23F2CD5721FB338800FFFCB7 /* Project object */;
}
